
Microsoft Visual Studio Solution File, Format Version 12.00
# Visual Studio 15
VisualStudioVersion = 15.0.26430.13
MinimumVisualStudioVersion = 10.0.40219.1
Project("{FAE04EC0-301F-11D3-BF4B-00C04F79EFBC}") = "ChakraSharp", "ChakraSharp\ChakraSharp.csproj", "{A315A81E-C020-4E83-B872-B45460EBB97A}"
EndProject
Project("{FAE04EC0-301F-11D3-BF4B-00C04F79EFBC}") = "ChakraSharpTests", "ChakraSharpTests\ChakraSharpTests.csproj", "{AA90E095-28B5-4885-A778-D2FABEBAFF03}"
EndProject
Project("{2150E333-8FDC-42A3-9474-1A3956D46DE8}") = "Solution Items", "Solution Items", "{5290B1BF-6C2C-4011-8884-6F9D3A00EDFB}"
	ProjectSection(SolutionItems) = preProject
		README.md = README.md
	EndProjectSection
EndProject
Project("{FAE04EC0-301F-11D3-BF4B-00C04F79EFBC}") = "TypescriptDefinitionWriter", "TypescriptDefinitionWriter\TypescriptDefinitionWriter.csproj", "{4CD6993A-55BF-4EDA-A909-486342246042}"
EndProject
Global
	GlobalSection(SolutionConfigurationPlatforms) = preSolution
		Debug|Any CPU = Debug|Any CPU
		Debug|x86 = Debug|x86
		Release|Any CPU = Release|Any CPU
		Release|x86 = Release|x86
	EndGlobalSection
	GlobalSection(ProjectConfigurationPlatforms) = postSolution
		{A315A81E-C020-4E83-B872-B45460EBB97A}.Debug|Any CPU.ActiveCfg = Debug|Any CPU
		{A315A81E-C020-4E83-B872-B45460EBB97A}.Debug|Any CPU.Build.0 = Debug|Any CPU
		{A315A81E-C020-4E83-B872-B45460EBB97A}.Debug|x86.ActiveCfg = Debug|Any CPU
		{A315A81E-C020-4E83-B872-B45460EBB97A}.Debug|x86.Build.0 = Debug|Any CPU
		{A315A81E-C020-4E83-B872-B45460EBB97A}.Release|Any CPU.ActiveCfg = Release|Any CPU
		{A315A81E-C020-4E83-B872-B45460EBB97A}.Release|Any CPU.Build.0 = Release|Any CPU
		{A315A81E-C020-4E83-B872-B45460EBB97A}.Release|x86.ActiveCfg = Release|Any CPU
		{A315A81E-C020-4E83-B872-B45460EBB97A}.Release|x86.Build.0 = Release|Any CPU
		{AA90E095-28B5-4885-A778-D2FABEBAFF03}.Debug|Any CPU.ActiveCfg = Debug|Any CPU
		{AA90E095-28B5-4885-A778-D2FABEBAFF03}.Debug|Any CPU.Build.0 = Debug|Any CPU
		{AA90E095-28B5-4885-A778-D2FABEBAFF03}.Debug|x86.ActiveCfg = Debug|Any CPU
		{AA90E095-28B5-4885-A778-D2FABEBAFF03}.Debug|x86.Build.0 = Debug|Any CPU
		{AA90E095-28B5-4885-A778-D2FABEBAFF03}.Release|Any CPU.ActiveCfg = Release|Any CPU
		{AA90E095-28B5-4885-A778-D2FABEBAFF03}.Release|Any CPU.Build.0 = Release|Any CPU
		{AA90E095-28B5-4885-A778-D2FABEBAFF03}.Release|x86.ActiveCfg = Release|Any CPU
		{AA90E095-28B5-4885-A778-D2FABEBAFF03}.Release|x86.Build.0 = Release|Any CPU
		{4CD6993A-55BF-4EDA-A909-486342246042}.Debug|Any CPU.ActiveCfg = Debug|Any CPU
		{4CD6993A-55BF-4EDA-A909-486342246042}.Debug|Any CPU.Build.0 = Debug|Any CPU
		{4CD6993A-55BF-4EDA-A909-486342246042}.Debug|x86.ActiveCfg = Debug|Any CPU
		{4CD6993A-55BF-4EDA-A909-486342246042}.Debug|x86.Build.0 = Debug|Any CPU
		{4CD6993A-55BF-4EDA-A909-486342246042}.Release|Any CPU.ActiveCfg = Release|Any CPU
		{4CD6993A-55BF-4EDA-A909-486342246042}.Release|Any CPU.Build.0 = Release|Any CPU
		{4CD6993A-55BF-4EDA-A909-486342246042}.Release|x86.ActiveCfg = Release|Any CPU
		{4CD6993A-55BF-4EDA-A909-486342246042}.Release|x86.Build.0 = Release|Any CPU
	EndGlobalSection
	GlobalSection(SolutionProperties) = preSolution
		HideSolutionNode = FALSE
	EndGlobalSection
EndGlobal
